
Microsoft Visual Studio Solution File, Format Version 12.00
# Visual Studio Version 17
VisualStudioVersion = 17.11.35327.3
MinimumVisualStudioVersion = 10.0.40219.1
Project("{FAE04EC0-301F-11D3-BF4B-00C04F79EFBC}") = "WindowsFormsApp1", "WindowsFormsApp1\WindowsFormsApp1.csproj", "{CDC8CFBE-EFED-4D04-B536-7531A66CCE1F}"
EndProject
Global
	GlobalSection(SolutionConfigurationPlatforms) = preSolution
		Debug|Any CPU = Debug|Any CPU
		Release|Any CPU = Release|Any CPU
	EndGlobalSection
	GlobalSection(ProjectConfigurationPlatforms) = postSolution
		{CDC8CFBE-EFED-4D04-B536-7531A66CCE1F}.Debug|Any CPU.ActiveCfg = Debug|Any CPU
		{CDC8CFBE-EFED-4D04-B536-7531A66CCE1F}.Debug|Any CPU.Build.0 = Debug|Any CPU
		{CDC8CFBE-EFED-4D04-B536-7531A66CCE1F}.Release|Any CPU.ActiveCfg = Release|Any CPU
		{CDC8CFBE-EFED-4D04-B536-7531A66CCE1F}.Release|Any CPU.Build.0 = Release|Any CPU
	EndGlobalSection
	GlobalSection(SolutionProperties) = preSolution
		HideSolutionNode = FALSE
	EndGlobalSection
	GlobalSection(ExtensibilityGlobals) = postSolution
		SolutionGuid = {06B5447F-09B4-4B7F-919A-7A4AB1FC798A}
	EndGlobalSection
EndGlobal
